
Microsoft Visual Studio Solution File, Format Version 12.00
# Visual Studio Version 17
VisualStudioVersion = 17.0.31903.59
MinimumVisualStudioVersion = 10.0.40219.1
Project("{8BC9CEB8-8B4A-11D0-8D11-00A0C91BC942}") = "UWPIPCWinRT", "UWPIPCWinRT\UWPIPCWinRT.vcxproj", "{5B7729CA-6CBF-4BAE-9CBB-EF31027681CE}"
EndProject
Project("{8BC9CEB8-8B4A-11D0-8D11-00A0C91BC942}") = "WinRTServer", "WinRTServer\WinRTServer.vcxproj", "{495B88CC-61CB-4CC8-B023-DB91C654237A}"
EndProject
Project("{C7167F0D-BC9F-4E6E-AFE1-012C56B48DB5}") = "Package", "Package\Package.wapproj", "{C9FAD5B0-CDE6-4776-9170-F91403E5C97F}"
EndProject
Project("{8BC9CEB8-8B4A-11D0-8D11-00A0C91BC942}") = "ServerLauncher", "ServerLauncher\ServerLauncher.vcxproj", "{FC341470-2A3B-4245-8488-0A4F8FFAE747}"
EndProject
Global
	GlobalSection(SolutionConfigurationPlatforms) = preSolution
		Debug|Any CPU = Debug|Any CPU
		Debug|ARM = Debug|ARM
		Debug|ARM64 = Debug|ARM64
		Debug|x64 = Debug|x64
		Debug|x86 = Debug|x86
		Release|Any CPU = Release|Any CPU
		Release|ARM = Release|ARM
		Release|ARM64 = Release|ARM64
		Release|x64 = Release|x64
		Release|x86 = Release|x86
	EndGlobalSection
	GlobalSection(ProjectConfigurationPlatforms) = postSolution
		{5B7729CA-6CBF-4BAE-9CBB-EF31027681CE}.Debug|Any CPU.ActiveCfg = Debug|x64
		{5B7729CA-6CBF-4BAE-9CBB-EF31027681CE}.Debug|Any CPU.Build.0 = Debug|x64
		{5B7729CA-6CBF-4BAE-9CBB-EF31027681CE}.Debug|Any CPU.Deploy.0 = Debug|x64
		{5B7729CA-6CBF-4BAE-9CBB-EF31027681CE}.Debug|ARM.ActiveCfg = Debug|ARM
		{5B7729CA-6CBF-4BAE-9CBB-EF31027681CE}.Debug|ARM.Build.0 = Debug|ARM
		{5B7729CA-6CBF-4BAE-9CBB-EF31027681CE}.Debug|ARM.Deploy.0 = Debug|ARM
		{5B7729CA-6CBF-4BAE-9CBB-EF31027681CE}.Debug|ARM64.ActiveCfg = Debug|ARM64
		{5B7729CA-6CBF-4BAE-9CBB-EF31027681CE}.Debug|ARM64.Build.0 = Debug|ARM64
		{5B7729CA-6CBF-4BAE-9CBB-EF31027681CE}.Debug|ARM64.Deploy.0 = Debug|ARM64
		{5B7729CA-6CBF-4BAE-9CBB-EF31027681CE}.Debug|x64.ActiveCfg = Debug|x64
		{5B7729CA-6CBF-4BAE-9CBB-EF31027681CE}.Debug|x64.Build.0 = Debug|x64
		{5B7729CA-6CBF-4BAE-9CBB-EF31027681CE}.Debug|x64.Deploy.0 = Debug|x64
		{5B7729CA-6CBF-4BAE-9CBB-EF31027681CE}.Debug|x86.ActiveCfg = Debug|Win32
		{5B7729CA-6CBF-4BAE-9CBB-EF31027681CE}.Debug|x86.Build.0 = Debug|Win32
		{5B7729CA-6CBF-4BAE-9CBB-EF31027681CE}.Debug|x86.Deploy.0 = Debug|Win32
		{5B7729CA-6CBF-4BAE-9CBB-EF31027681CE}.Release|Any CPU.ActiveCfg = Release|x64
		{5B7729CA-6CBF-4BAE-9CBB-EF31027681CE}.Release|Any CPU.Build.0 = Release|x64
		{5B7729CA-6CBF-4BAE-9CBB-EF31027681CE}.Release|Any CPU.Deploy.0 = Release|x64
		{5B7729CA-6CBF-4BAE-9CBB-EF31027681CE}.Release|ARM.ActiveCfg = Release|ARM
		{5B7729CA-6CBF-4BAE-9CBB-EF31027681CE}.Release|ARM.Build.0 = Release|ARM
		{5B7729CA-6CBF-4BAE-9CBB-EF31027681CE}.Release|ARM.Deploy.0 = Release|ARM
		{5B7729CA-6CBF-4BAE-9CBB-EF31027681CE}.Release|ARM64.ActiveCfg = Release|ARM64
		{5B7729CA-6CBF-4BAE-9CBB-EF31027681CE}.Release|ARM64.Build.0 = Release|ARM64
		{5B7729CA-6CBF-4BAE-9CBB-EF31027681CE}.Release|ARM64.Deploy.0 = Release|ARM64
		{5B7729CA-6CBF-4BAE-9CBB-EF31027681CE}.Release|x64.ActiveCfg = Release|x64
		{5B7729CA-6CBF-4BAE-9CBB-EF31027681CE}.Release|x64.Build.0 = Release|x64
		{5B7729CA-6CBF-4BAE-9CBB-EF31027681CE}.Release|x64.Deploy.0 = Release|x64
		{5B7729CA-6CBF-4BAE-9CBB-EF31027681CE}.Release|x86.ActiveCfg = Release|Win32
		{5B7729CA-6CBF-4BAE-9CBB-EF31027681CE}.Release|x86.Build.0 = Release|Win32
		{5B7729CA-6CBF-4BAE-9CBB-EF31027681CE}.Release|x86.Deploy.0 = Release|Win32
		{495B88CC-61CB-4CC8-B023-DB91C654237A}.Debug|Any CPU.ActiveCfg = Debug|x64
		{495B88CC-61CB-4CC8-B023-DB91C654237A}.Debug|Any CPU.Build.0 = Debug|x64
		{495B88CC-61CB-4CC8-B023-DB91C654237A}.Debug|ARM.ActiveCfg = Debug|Win32
		{495B88CC-61CB-4CC8-B023-DB91C654237A}.Debug|ARM64.ActiveCfg = Debug|Win32
		{495B88CC-61CB-4CC8-B023-DB91C654237A}.Debug|x64.ActiveCfg = Debug|x64
		{495B88CC-61CB-4CC8-B023-DB91C654237A}.Debug|x64.Build.0 = Debug|x64
		{495B88CC-61CB-4CC8-B023-DB91C654237A}.Debug|x86.ActiveCfg = Debug|Win32
		{495B88CC-61CB-4CC8-B023-DB91C654237A}.Debug|x86.Build.0 = Debug|Win32
		{495B88CC-61CB-4CC8-B023-DB91C654237A}.Release|Any CPU.ActiveCfg = Release|x64
		{495B88CC-61CB-4CC8-B023-DB91C654237A}.Release|Any CPU.Build.0 = Release|x64
		{495B88CC-61CB-4CC8-B023-DB91C654237A}.Release|ARM.ActiveCfg = Release|Win32
		{495B88CC-61CB-4CC8-B023-DB91C654237A}.Release|ARM64.ActiveCfg = Release|Win32
		{495B88CC-61CB-4CC8-B023-DB91C654237A}.Release|x64.ActiveCfg = Release|x64
		{495B88CC-61CB-4CC8-B023-DB91C654237A}.Release|x64.Build.0 = Release|x64
		{495B88CC-61CB-4CC8-B023-DB91C654237A}.Release|x86.ActiveCfg = Release|Win32
		{495B88CC-61CB-4CC8-B023-DB91C654237A}.Release|x86.Build.0 = Release|Win32
		{C9FAD5B0-CDE6-4776-9170-F91403E5C97F}.Debug|Any CPU.ActiveCfg = Debug|Any CPU
		{C9FAD5B0-CDE6-4776-9170-F91403E5C97F}.Debug|Any CPU.Build.0 = Debug|Any CPU
		{C9FAD5B0-CDE6-4776-9170-F91403E5C97F}.Debug|Any CPU.Deploy.0 = Debug|Any CPU
		{C9FAD5B0-CDE6-4776-9170-F91403E5C97F}.Debug|ARM.ActiveCfg = Debug|ARM
		{C9FAD5B0-CDE6-4776-9170-F91403E5C97F}.Debug|ARM.Build.0 = Debug|ARM
		{C9FAD5B0-CDE6-4776-9170-F91403E5C97F}.Debug|ARM.Deploy.0 = Debug|ARM
		{C9FAD5B0-CDE6-4776-9170-F91403E5C97F}.Debug|ARM64.ActiveCfg = Debug|ARM64
		{C9FAD5B0-CDE6-4776-9170-F91403E5C97F}.Debug|ARM64.Build.0 = Debug|ARM64
		{C9FAD5B0-CDE6-4776-9170-F91403E5C97F}.Debug|ARM64.Deploy.0 = Debug|ARM64
		{C9FAD5B0-CDE6-4776-9170-F91403E5C97F}.Debug|x64.ActiveCfg = Debug|x64
		{C9FAD5B0-CDE6-4776-9170-F91403E5C97F}.Debug|x64.Build.0 = Debug|x64
		{C9FAD5B0-CDE6-4776-9170-F91403E5C97F}.Debug|x64.Deploy.0 = Debug|x64
		{C9FAD5B0-CDE6-4776-9170-F91403E5C97F}.Debug|x86.ActiveCfg = Debug|x86
		{C9FAD5B0-CDE6-4776-9170-F91403E5C97F}.Debug|x86.Build.0 = Debug|x86
		{C9FAD5B0-CDE6-4776-9170-F91403E5C97F}.Debug|x86.Deploy.0 = Debug|x86
		{C9FAD5B0-CDE6-4776-9170-F91403E5C97F}.Release|Any CPU.ActiveCfg = Release|Any CPU
		{C9FAD5B0-CDE6-4776-9170-F91403E5C97F}.Release|Any CPU.Build.0 = Release|Any CPU
		{C9FAD5B0-CDE6-4776-9170-F91403E5C97F}.Release|Any CPU.Deploy.0 = Release|Any CPU
		{C9FAD5B0-CDE6-4776-9170-F91403E5C97F}.Release|ARM.ActiveCfg = Release|ARM
		{C9FAD5B0-CDE6-4776-9170-F91403E5C97F}.Release|ARM.Build.0 = Release|ARM
		{C9FAD5B0-CDE6-4776-9170-F91403E5C97F}.Release|ARM.Deploy.0 = Release|ARM
		{C9FAD5B0-CDE6-4776-9170-F91403E5C97F}.Release|ARM64.ActiveCfg = Release|ARM64
		{C9FAD5B0-CDE6-4776-9170-F91403E5C97F}.Release|ARM64.Build.0 = Release|ARM64
		{C9FAD5B0-CDE6-4776-9170-F91403E5C97F}.Release|ARM64.Deploy.0 = Release|ARM64
		{C9FAD5B0-CDE6-4776-9170-F91403E5C97F}.Release|x64.ActiveCfg = Release|x64
		{C9FAD5B0-CDE6-4776-9170-F91403E5C97F}.Release|x64.Build.0 = Release|x64
		{C9FAD5B0-CDE6-4776-9170-F91403E5C97F}.Release|x64.Deploy.0 = Release|x64
		{C9FAD5B0-CDE6-4776-9170-F91403E5C97F}.Release|x86.ActiveCfg = Release|x86
		{C9FAD5B0-CDE6-4776-9170-F91403E5C97F}.Release|x86.Build.0 = Release|x86
		{C9FAD5B0-CDE6-4776-9170-F91403E5C97F}.Release|x86.Deploy.0 = Release|x86
		{FC341470-2A3B-4245-8488-0A4F8FFAE747}.Debug|Any CPU.ActiveCfg = Debug|x64
		{FC341470-2A3B-4245-8488-0A4F8FFAE747}.Debug|Any CPU.Build.0 = Debug|x64
		{FC341470-2A3B-4245-8488-0A4F8FFAE747}.Debug|ARM.ActiveCfg = Debug|x64
		{FC341470-2A3B-4245-8488-0A4F8FFAE747}.Debug|ARM.Build.0 = Debug|x64
		{FC341470-2A3B-4245-8488-0A4F8FFAE747}.Debug|ARM64.ActiveCfg = Debug|x64
		{FC341470-2A3B-4245-8488-0A4F8FFAE747}.Debug|ARM64.Build.0 = Debug|x64
		{FC341470-2A3B-4245-8488-0A4F8FFAE747}.Debug|x64.ActiveCfg = Debug|x64
		{FC341470-2A3B-4245-8488-0A4F8FFAE747}.Debug|x64.Build.0 = Debug|x64
		{FC341470-2A3B-4245-8488-0A4F8FFAE747}.Debug|x86.ActiveCfg = Debug|Win32
		{FC341470-2A3B-4245-8488-0A4F8FFAE747}.Debug|x86.Build.0 = Debug|Win32
		{FC341470-2A3B-4245-8488-0A4F8FFAE747}.Release|Any CPU.ActiveCfg = Release|x64
		{FC341470-2A3B-4245-8488-0A4F8FFAE747}.Release|Any CPU.Build.0 = Release|x64
		{FC341470-2A3B-4245-8488-0A4F8FFAE747}.Release|ARM.ActiveCfg = Release|x64
		{FC341470-2A3B-4245-8488-0A4F8FFAE747}.Release|ARM.Build.0 = Release|x64
		{FC341470-2A3B-4245-8488-0A4F8FFAE747}.Release|ARM64.ActiveCfg = Release|x64
		{FC341470-2A3B-4245-8488-0A4F8FFAE747}.Release|ARM64.Build.0 = Release|x64
		{FC341470-2A3B-4245-8488-0A4F8FFAE747}.Release|x64.ActiveCfg = Release|x64
		{FC341470-2A3B-4245-8488-0A4F8FFAE747}.Release|x64.Build.0 = Release|x64
		{FC341470-2A3B-4245-8488-0A4F8FFAE747}.Release|x86.ActiveCfg = Release|Win32
		{FC341470-2A3B-4245-8488-0A4F8FFAE747}.Release|x86.Build.0 = Release|Win32
	EndGlobalSection
	GlobalSection(SolutionProperties) = preSolution
		HideSolutionNode = FALSE
	EndGlobalSection
	GlobalSection(ExtensibilityGlobals) = postSolution
		SolutionGuid = {BE853021-B652-47DD-9778-AB548072193B}
	EndGlobalSection
EndGlobal
